// !$*UTF8*$!
{
	archiveVersion = 1;
	classes = {
	};
	objectVersion = 70;
	objects = {

/* Begin PBXBuildFile section */
		25F88B33E5C5465EB1181C5B193E08F3 /* ExerciseSearchService.swift in Sources */ = {isa = PBXBuildFile; fileRef = 25F88B33E5C5465EB1181C5B193E08F4 /* ExerciseSearchService.swift */; };
		7413250C2E9F733D0099C49A /* FitNotesApp.swift in Sources */ = {isa = PBXBuildFile; fileRef = 7413250B2E9F733D0099C49A /* FitNotesApp.swift */; };
		7413250E2E9F733D0099C49A /* ContentView.swift in Sources */ = {isa = PBXBuildFile; fileRef = 7413250D2E9F733D0099C49A /* ContentView.swift */; };
		741325122E9F73400099C49A /* Assets.xcassets in Resources */ = {isa = PBXBuildFile; fileRef = 741325112E9F73400099C49A /* Assets.xcassets */; };
		741325152E9F73400099C49A /* Preview Assets.xcassets in Resources */ = {isa = PBXBuildFile; fileRef = 741325142E9F73400099C49A /* Preview Assets.xcassets */; };
		741325212E9F73400099C49A /* FitNotesTests.swift in Sources */ = {isa = PBXBuildFile; fileRef = 741325202E9F73400099C49A /* FitNotesTests.swift */; };
		7413252B2E9F73400099C49A /* FitNotesUITests.swift in Sources */ = {isa = PBXBuildFile; fileRef = 7413252A2E9F73400099C49A /* FitNotesUITests.swift */; };
		7413252D2E9F73400099C49A /* FitNotesUITestsLaunchTests.swift in Sources */ = {isa = PBXBuildFile; fileRef = 7413252C2E9F73400099C49A /* FitNotesUITestsLaunchTests.swift */; };
		7413252F2E9F733D0099C49A /* Models.swift in Sources */ = {isa = PBXBuildFile; fileRef = 7413252E2E9F733D0099C49A /* Models.swift */; };
		741325302E9F733D0099C49A /* Exercise.swift in Sources */ = {isa = PBXBuildFile; fileRef = 741325312E9F733D0099C49A /* Exercise.swift */; };
		741325322E9F733D0099C49A /* DailyRoutine.swift in Sources */ = {isa = PBXBuildFile; fileRef = 741325332E9F733D0099C49A /* DailyRoutine.swift */; };
		741325342E9F733D0099C49A /* ExerciseDatabaseService.swift in Sources */ = {isa = PBXBuildFile; fileRef = 741325352E9F733D0099C49A /* ExerciseDatabaseService.swift */; };
		741325362E9F733D0099C49A /* DailyRoutineService.swift in Sources */ = {isa = PBXBuildFile; fileRef = 741325372E9F733D0099C49A /* DailyRoutineService.swift */; };
		741325382E9F733D0099C49A /* ExercisesView.swift in Sources */ = {isa = PBXBuildFile; fileRef = 741325392E9F733D0099C49A /* ExercisesView.swift */; };
		7413253A2E9F733D0099C49A /* DailyRoutineView.swift in Sources */ = {isa = PBXBuildFile; fileRef = 7413253B2E9F733D0099C49A /* DailyRoutineView.swift */; };
		7413253C2E9F733D0099C49A /* Components.swift in Sources */ = {isa = PBXBuildFile; fileRef = 7413253D2E9F733D0099C49A /* Components.swift */; };
		741325402E9F733D0099C49A /* ExerciseService.swift in Sources */ = {isa = PBXBuildFile; fileRef = 7413253E2E9F733D0099C49A /* ExerciseService.swift */; };
		741325422E9F733D0099C49A /* ExerciseListView.swift in Sources */ = {isa = PBXBuildFile; fileRef = 741325432E9F733D0099C49A /* ExerciseListView.swift */; };
		741325442E9F733D0099C49A /* ExerciseDetailView.swift in Sources */ = {isa = PBXBuildFile; fileRef = 741325452E9F733D0099C49A /* ExerciseDetailView.swift */; };
		741325462E9F733D0099C49A /* TrackTabView.swift in Sources */ = {isa = PBXBuildFile; fileRef = 741325472E9F733D0099C49A /* TrackTabView.swift */; };
		741325482E9F733D0099C49A /* HistoryTabView.swift in Sources */ = {isa = PBXBuildFile; fileRef = 741325492E9F733D0099C49A /* HistoryTabView.swift */; };
		7413254A2E9F733D0099C49A /* ExerciseSettingsView.swift in Sources */ = {isa = PBXBuildFile; fileRef = 7413254B2E9F733D0099C49A /* ExerciseSettingsView.swift */; };
		741325522E9F733D0099C49A /* DesignSystem.swift in Sources */ = {isa = PBXBuildFile; fileRef = 741325502E9F733D0099C49A /* DesignSystem.swift */; };
		741325562E9F733D0099C49A /* StatsService.swift in Sources */ = {isa = PBXBuildFile; fileRef = 741325542E9F733D0099C49A /* StatsService.swift */; };
		741C98792ECD0D9100753A52 /* MuscleGroupBreakdownView.swift in Sources */ = {isa = PBXBuildFile; fileRef = 741C98732ECD0D9100753A52 /* MuscleGroupBreakdownView.swift */; };
		741C987A2ECD0D9100753A52 /* RecentPRsView.swift in Sources */ = {isa = PBXBuildFile; fileRef = 741C98752ECD0D9100753A52 /* RecentPRsView.swift */; };
		741C987C2ECD0D9100753A52 /* InsightsChartView.swift in Sources */ = {isa = PBXBuildFile; fileRef = 741C98712ECD0D9100753A52 /* InsightsChartView.swift */; };
		741C987D2ECD0D9100753A52 /* InsightsService.swift in Sources */ = {isa = PBXBuildFile; fileRef = 741C98722ECD0D9100753A52 /* InsightsService.swift */; };
		741C987E2ECD0D9100753A52 /* RestTimerManager.swift in Sources */ = {isa = PBXBuildFile; fileRef = 741C98772ECD0D9100753A52 /* RestTimerManager.swift */; };
		741C987F2ECD0D9100753A52 /* ProgressionService.swift in Sources */ = {isa = PBXBuildFile; fileRef = 741C98742ECD0D9100753A52 /* ProgressionService.swift */; };
		741C98802ECD0D9100753A52 /* SimplifiedStatsIndicator.swift in Sources */ = {isa = PBXBuildFile; fileRef = 741C98782ECD0D9100753A52 /* SimplifiedStatsIndicator.swift */; };
		741C98812ECD0D9100753A52 /* ExerciseStatsView.swift in Sources */ = {isa = PBXBuildFile; fileRef = 741C98702ECD0D9100753A52 /* ExerciseStatsView.swift */; };
		741C98F82ED1194D00753A52 /* NoKeyboardTextField.swift in Sources */ = {isa = PBXBuildFile; fileRef = 741C98F72ED1194D00753A52 /* NoKeyboardTextField.swift */; };
		741C98F92ED1194D00753A52 /* CustomNumericKeyboard.swift in Sources */ = {isa = PBXBuildFile; fileRef = 741C98F62ED1194D00753A52 /* CustomNumericKeyboard.swift */; };
		7423C0892EF09E2900E92CA7 /* StreakConsistencyView.swift in Sources */ = {isa = PBXBuildFile; fileRef = 7423C0862EF09E2900E92CA7 /* StreakConsistencyView.swift */; };
		7423C08A2EF09E2900E92CA7 /* YearInReviewView.swift in Sources */ = {isa = PBXBuildFile; fileRef = 7423C0882EF09E2900E92CA7 /* YearInReviewView.swift */; };
		7423C08B2EF09E2900E92CA7 /* GoalsCardView.swift in Sources */ = {isa = PBXBuildFile; fileRef = 7423C0852EF09E2900E92CA7 /* GoalsCardView.swift */; };
		7423C08C2EF09E2900E92CA7 /* TopExercisesView.swift in Sources */ = {isa = PBXBuildFile; fileRef = 7423C0872EF09E2900E92CA7 /* TopExercisesView.swift */; };
		7423C08E2EF09E4700E92CA7 /* MuscleRecoveryHeatmapView.swift in Sources */ = {isa = PBXBuildFile; fileRef = 7423C08D2EF09E4700E92CA7 /* MuscleRecoveryHeatmapView.swift */; };
		7423C0942EF1198F00E92CA7 /* DevDataSeeder.swift in Sources */ = {isa = PBXBuildFile; fileRef = 7423C0932EF1198F00E92CA7 /* DevDataSeeder.swift */; };
		7423C7B32EF270F100E92CA7 /* OnboardingStaticPageView.swift in Sources */ = {isa = PBXBuildFile; fileRef = 7423C7B12EF270F100E92CA7 /* OnboardingStaticPageView.swift */; };
		7423C7B42EF270F100E92CA7 /* OnboardingSetupViews.swift in Sources */ = {isa = PBXBuildFile; fileRef = 7423C7B02EF270F100E92CA7 /* OnboardingSetupViews.swift */; };
		7423C7B52EF270F100E92CA7 /* OnboardingContainerView.swift in Sources */ = {isa = PBXBuildFile; fileRef = 7423C7AE2EF270F100E92CA7 /* OnboardingContainerView.swift */; };
		7423C7B62EF270F100E92CA7 /* OnboardingSelectionViews.swift in Sources */ = {isa = PBXBuildFile; fileRef = 7423C7AF2EF270F100E92CA7 /* OnboardingSelectionViews.swift */; };
		7423C7B92EF270FE00E92CA7 /* StoreKitManager.swift in Sources */ = {isa = PBXBuildFile; fileRef = 7423C7B82EF270FE00E92CA7 /* StoreKitManager.swift */; };
		7423C7BA2EF270FE00E92CA7 /* PremiumFeatureGate.swift in Sources */ = {isa = PBXBuildFile; fileRef = 7423C7B72EF270FE00E92CA7 /* PremiumFeatureGate.swift */; };
		7423C7BD2EF271F900E92CA7 /* OnboardingModels.swift in Sources */ = {isa = PBXBuildFile; fileRef = 7423C7BB2EF271F900E92CA7 /* OnboardingModels.swift */; };
		7423C7BE2EF271F900E92CA7 /* OnboardingState.swift in Sources */ = {isa = PBXBuildFile; fileRef = 7423C7BC2EF271F900E92CA7 /* OnboardingState.swift */; };
		7423C8702EF6862600E92CA7 /* WidgetKit.framework in Frameworks */ = {isa = PBXBuildFile; fileRef = 7423C86F2EF6862600E92CA7 /* WidgetKit.framework */; };
		7423C8722EF6862600E92CA7 /* SwiftUI.framework in Frameworks */ = {isa = PBXBuildFile; fileRef = 7423C8712EF6862600E92CA7 /* SwiftUI.framework */; };
		7423C8812EF6862800E92CA7 /* RestTimerWidgetExtension.appex in Embed Foundation Extensions */ = {isa = PBXBuildFile; fileRef = 7423C86D2EF6862600E92CA7 /* RestTimerWidgetExtension.appex */; settings = {ATTRIBUTES = (RemoveHeadersOnCopy, ); }; };
		7423C88B2EF68B5200E92CA7 /* RestTimerActivityAttributes.swift in Sources */ = {isa = PBXBuildFile; fileRef = 7423C88A2EF68B5200E92CA7 /* RestTimerActivityAttributes.swift */; };
		7423C88C2EF68B6300E92CA7 /* RestTimerActivityAttributes.swift in Sources */ = {isa = PBXBuildFile; fileRef = 7423C88A2EF68B5200E92CA7 /* RestTimerActivityAttributes.swift */; };
		744B6B582ED8EE6300804AB6 /* PreferencesService.swift in Sources */ = {isa = PBXBuildFile; fileRef = 744B6B572ED8EE6300804AB6 /* PreferencesService.swift */; };
		744B6B5C2EDBF35F00804AB6 /* RoutineScheduleView.swift in Sources */ = {isa = PBXBuildFile; fileRef = 744B6B5B2EDBF35F00804AB6 /* RoutineScheduleView.swift */; };
		744B6B5D2EE9A00100804AB6 /* FreemiumLimitsService.swift in Sources */ = {isa = PBXBuildFile; fileRef = 744B6B5E2EE9A00100804AB6 /* FreemiumLimitsService.swift */; };
		744B6B5F2EE9B00100804AB6 /* MailerLiteService.swift in Sources */ = {isa = PBXBuildFile; fileRef = 744B6B602EE9B00100804AB6 /* MailerLiteService.swift */; };
		744B6B612EE9B00100804AB6 /* Secrets.swift in Sources */ = {isa = PBXBuildFile; fileRef = 744B6B622EE9B00100804AB6 /* Secrets.swift */; };
		74633D8D2EFF83A500A58A13 /* Supabase in Frameworks */ = {isa = PBXBuildFile; productRef = 74633D8C2EFF83A500A58A13 /* Supabase */; };
		74633D922EFFB06600A58A13 /* GoogleSignInSwift in Frameworks */ = {isa = PBXBuildFile; productRef = 74633D912EFFB06600A58A13 /* GoogleSignInSwift */; };
		A83F2D7EE1B4C93B039DD942 /* NumericInputField.swift in Sources */ = {isa = PBXBuildFile; fileRef = 4A97248D302F2B0739B2D5FB /* NumericInputField.swift */; };
		ACCT00012F0B5A0100000001 /* AccountView.swift in Sources */ = {isa = PBXBuildFile; fileRef = ACCT00022F0B5A0100000002 /* AccountView.swift */; };
		AUTH00012F0B5A0100000001 /* AuthService.swift in Sources */ = {isa = PBXBuildFile; fileRef = AUTH00022F0B5A0100000002 /* AuthService.swift */; };
		SIGN00012F0B5A0100000001 /* SignInView.swift in Sources */ = {isa = PBXBuildFile; fileRef = SIGN00022F0B5A0100000002 /* SignInView.swift */; };
		STARTER0012F0B5A0100000001 /* StarterRoutineService.swift in Sources */ = {isa = PBXBuildFile; fileRef = STARTER0022F0B5A0100000002 /* StarterRoutineService.swift */; };
		SUPA00012F0B5A0100000001 /* SupabaseConfig.swift in Sources */ = {isa = PBXBuildFile; fileRef = SUPA00022F0B5A0100000002 /* SupabaseConfig.swift */; };
/* End PBXBuildFile section */

/* Begin PBXContainerItemProxy section */
		7413251D2E9F73400099C49A /* PBXContainerItemProxy */ = {
			isa = PBXContainerItemProxy;
			containerPortal = 741325002E9F733D0099C49A /* Project object */;
			proxyType = 1;
			remoteGlobalIDString = 741325072E9F733D0099C49A;
			remoteInfo = FitNotes;
		};
		741325272E9F73400099C49A /* PBXContainerItemProxy */ = {
			isa = PBXContainerItemProxy;
			containerPortal = 741325002E9F733D0099C49A /* Project object */;
			proxyType = 1;
			remoteGlobalIDString = 741325072E9F733D0099C49A;
			remoteInfo = FitNotes;
		};
		7423C87F2EF6862800E92CA7 /* PBXContainerItemProxy */ = {
			isa = PBXContainerItemProxy;
			containerPortal = 741325002E9F733D0099C49A /* Project object */;
			proxyType = 1;
			remoteGlobalIDString = 7423C86C2EF6862600E92CA7;
			remoteInfo = RestTimerWidgetExtension;
		};
/* End PBXContainerItemProxy section */

/* Begin PBXCopyFilesBuildPhase section */
		7423C8822EF6862800E92CA7 /* Embed Foundation Extensions */ = {
			isa = PBXCopyFilesBuildPhase;
			buildActionMask = 2147483647;
			dstPath = "";
			dstSubfolderSpec = 13;
			files = (
				7423C8812EF6862800E92CA7 /* RestTimerWidgetExtension.appex in Embed Foundation Extensions */,
			);
			name = "Embed Foundation Extensions";
			runOnlyForDeploymentPostprocessing = 0;
		};
/* End PBXCopyFilesBuildPhase section */

/* Begin PBXFileReference section */
		25F88B33E5C5465EB1181C5B193E08F4 /* ExerciseSearchService.swift */ = {isa = PBXFileReference; lastKnownFileType = sourcecode.swift; path = ExerciseSearchService.swift; sourceTree = "<group>"; };
		4A97248D302F2B0739B2D5FB /* NumericInputField.swift */ = {isa = PBXFileReference; includeInIndex = 1; lastKnownFileType = sourcecode.swift; path = NumericInputField.swift; sourceTree = "<group>"; };
		741325082E9F733D0099C49A /* FitNotes.app */ = {isa = PBXFileReference; explicitFileType = wrapper.application; includeInIndex = 0; path = FitNotes.app; sourceTree = BUILT_PRODUCTS_DIR; };
		7413250B2E9F733D0099C49A /* FitNotesApp.swift */ = {isa = PBXFileReference; lastKnownFileType = sourcecode.swift; path = FitNotesApp.swift; sourceTree = "<group>"; };
		7413250D2E9F733D0099C49A /* ContentView.swift */ = {isa = PBXFileReference; lastKnownFileType = sourcecode.swift; path = ContentView.swift; sourceTree = "<group>"; };
		741325112E9F73400099C49A /* Assets.xcassets */ = {isa = PBXFileReference; lastKnownFileType = folder.assetcatalog; path = Assets.xcassets; sourceTree = "<group>"; };
		741325142E9F73400099C49A /* Preview Assets.xcassets */ = {isa = PBXFileReference; lastKnownFileType = folder.assetcatalog; path = "Preview Assets.xcassets"; sourceTree = "<group>"; };
		741325162E9F73400099C49A /* FitNotes.entitlements */ = {isa = PBXFileReference; lastKnownFileType = text.plist.entitlements; path = FitNotes.entitlements; sourceTree = "<group>"; };
		741325172E9F73400099C49A /* Info.plist */ = {isa = PBXFileReference; lastKnownFileType = text.plist.xml; path = Info.plist; sourceTree = "<group>"; };
		7413251C2E9F73400099C49A /* FitNotesTests.xctest */ = {isa = PBXFileReference; explicitFileType = wrapper.cfbundle; includeInIndex = 0; path = FitNotesTests.xctest; sourceTree = BUILT_PRODUCTS_DIR; };
		741325202E9F73400099C49A /* FitNotesTests.swift */ = {isa = PBXFileReference; lastKnownFileType = sourcecode.swift; path = FitNotesTests.swift; sourceTree = "<group>"; };
		741325262E9F73400099C49A /* FitNotesUITests.xctest */ = {isa = PBXFileReference; explicitFileType = wrapper.cfbundle; includeInIndex = 0; path = FitNotesUITests.xctest; sourceTree = BUILT_PRODUCTS_DIR; };
		7413252A2E9F73400099C49A /* FitNotesUITests.swift */ = {isa = PBXFileReference; lastKnownFileType = sourcecode.swift; path = FitNotesUITests.swift; sourceTree = "<group>"; };
		7413252C2E9F73400099C49A /* FitNotesUITestsLaunchTests.swift */ = {isa = PBXFileReference; lastKnownFileType = sourcecode.swift; path = FitNotesUITestsLaunchTests.swift; sourceTree = "<group>"; };
		7413252E2E9F733D0099C49A /* Models.swift */ = {isa = PBXFileReference; lastKnownFileType = sourcecode.swift; path = Models.swift; sourceTree = "<group>"; };
		741325312E9F733D0099C49A /* Exercise.swift */ = {isa = PBXFileReference; lastKnownFileType = sourcecode.swift; path = Exercise.swift; sourceTree = "<group>"; };
		741325332E9F733D0099C49A /* DailyRoutine.swift */ = {isa = PBXFileReference; lastKnownFileType = sourcecode.swift; path = DailyRoutine.swift; sourceTree = "<group>"; };
		741325352E9F733D0099C49A /* ExerciseDatabaseService.swift */ = {isa = PBXFileReference; lastKnownFileType = sourcecode.swift; path = ExerciseDatabaseService.swift; sourceTree = "<group>"; };
		741325372E9F733D0099C49A /* DailyRoutineService.swift */ = {isa = PBXFileReference; lastKnownFileType = sourcecode.swift; path = DailyRoutineService.swift; sourceTree = "<group>"; };
		741325392E9F733D0099C49A /* ExercisesView.swift */ = {isa = PBXFileReference; lastKnownFileType = sourcecode.swift; path = ExercisesView.swift; sourceTree = "<group>"; };
		7413253B2E9F733D0099C49A /* DailyRoutineView.swift */ = {isa = PBXFileReference; lastKnownFileType = sourcecode.swift; path = DailyRoutineView.swift; sourceTree = "<group>"; };
		7413253D2E9F733D0099C49A /* Components.swift */ = {isa = PBXFileReference; lastKnownFileType = sourcecode.swift; path = Components.swift; sourceTree = "<group>"; };
		7413253E2E9F733D0099C49A /* ExerciseService.swift */ = {isa = PBXFileReference; lastKnownFileType = sourcecode.swift; path = ExerciseService.swift; sourceTree = "<group>"; };
		741325432E9F733D0099C49A /* ExerciseListView.swift */ = {isa = PBXFileReference; lastKnownFileType = sourcecode.swift; path = ExerciseListView.swift; sourceTree = "<group>"; };
		741325452E9F733D0099C49A /* ExerciseDetailView.swift */ = {isa = PBXFileReference; lastKnownFileType = sourcecode.swift; path = ExerciseDetailView.swift; sourceTree = "<group>"; };
		741325472E9F733D0099C49A /* TrackTabView.swift */ = {isa = PBXFileReference; lastKnownFileType = sourcecode.swift; path = TrackTabView.swift; sourceTree = "<group>"; };
		741325492E9F733D0099C49A /* HistoryTabView.swift */ = {isa = PBXFileReference; lastKnownFileType = sourcecode.swift; path = HistoryTabView.swift; sourceTree = "<group>"; };
		7413254B2E9F733D0099C49A /* ExerciseSettingsView.swift */ = {isa = PBXFileReference; lastKnownFileType = sourcecode.swift; path = ExerciseSettingsView.swift; sourceTree = "<group>"; };
		741325502E9F733D0099C49A /* DesignSystem.swift */ = {isa = PBXFileReference; lastKnownFileType = sourcecode.swift; path = DesignSystem.swift; sourceTree = "<group>"; };
		741325542E9F733D0099C49A /* StatsService.swift */ = {isa = PBXFileReference; lastKnownFileType = sourcecode.swift; path = StatsService.swift; sourceTree = "<group>"; };
		741C98702ECD0D9100753A52 /* ExerciseStatsView.swift */ = {isa = PBXFileReference; lastKnownFileType = sourcecode.swift; path = ExerciseStatsView.swift; sourceTree = "<group>"; };
		741C98712ECD0D9100753A52 /* InsightsChartView.swift */ = {isa = PBXFileReference; lastKnownFileType = sourcecode.swift; path = InsightsChartView.swift; sourceTree = "<group>"; };
		741C98722ECD0D9100753A52 /* InsightsService.swift */ = {isa = PBXFileReference; lastKnownFileType = sourcecode.swift; path = InsightsService.swift; sourceTree = "<group>"; };
		741C98732ECD0D9100753A52 /* MuscleGroupBreakdownView.swift */ = {isa = PBXFileReference; lastKnownFileType = sourcecode.swift; path = MuscleGroupBreakdownView.swift; sourceTree = "<group>"; };
		741C98742ECD0D9100753A52 /* ProgressionService.swift */ = {isa = PBXFileReference; lastKnownFileType = sourcecode.swift; path = ProgressionService.swift; sourceTree = "<group>"; };
		741C98752ECD0D9100753A52 /* RecentPRsView.swift */ = {isa = PBXFileReference; lastKnownFileType = sourcecode.swift; path = RecentPRsView.swift; sourceTree = "<group>"; };
		741C98772ECD0D9100753A52 /* RestTimerManager.swift */ = {isa = PBXFileReference; lastKnownFileType = sourcecode.swift; path = RestTimerManager.swift; sourceTree = "<group>"; };
		741C98782ECD0D9100753A52 /* SimplifiedStatsIndicator.swift */ = {isa = PBXFileReference; lastKnownFileType = sourcecode.swift; path = SimplifiedStatsIndicator.swift; sourceTree = "<group>"; };
		741C98F62ED1194D00753A52 /* CustomNumericKeyboard.swift */ = {isa = PBXFileReference; lastKnownFileType = sourcecode.swift; path = CustomNumericKeyboard.swift; sourceTree = "<group>"; };
		741C98F72ED1194D00753A52 /* NoKeyboardTextField.swift */ = {isa = PBXFileReference; lastKnownFileType = sourcecode.swift; path = NoKeyboardTextField.swift; sourceTree = "<group>"; };
		7423C0852EF09E2900E92CA7 /* GoalsCardView.swift */ = {isa = PBXFileReference; lastKnownFileType = sourcecode.swift; path = GoalsCardView.swift; sourceTree = "<group>"; };
		7423C0862EF09E2900E92CA7 /* StreakConsistencyView.swift */ = {isa = PBXFileReference; lastKnownFileType = sourcecode.swift; path = StreakConsistencyView.swift; sourceTree = "<group>"; };
		7423C0872EF09E2900E92CA7 /* TopExercisesView.swift */ = {isa = PBXFileReference; lastKnownFileType = sourcecode.swift; path = TopExercisesView.swift; sourceTree = "<group>"; };
		7423C0882EF09E2900E92CA7 /* YearInReviewView.swift */ = {isa = PBXFileReference; lastKnownFileType = sourcecode.swift; path = YearInReviewView.swift; sourceTree = "<group>"; };
		7423C08D2EF09E4700E92CA7 /* MuscleRecoveryHeatmapView.swift */ = {isa = PBXFileReference; lastKnownFileType = sourcecode.swift; path = MuscleRecoveryHeatmapView.swift; sourceTree = "<group>"; };
		7423C0932EF1198F00E92CA7 /* DevDataSeeder.swift */ = {isa = PBXFileReference; lastKnownFileType = sourcecode.swift; path = DevDataSeeder.swift; sourceTree = "<group>"; };
		7423C7AE2EF270F100E92CA7 /* OnboardingContainerView.swift */ = {isa = PBXFileReference; lastKnownFileType = sourcecode.swift; path = OnboardingContainerView.swift; sourceTree = "<group>"; };
		7423C7AF2EF270F100E92CA7 /* OnboardingSelectionViews.swift */ = {isa = PBXFileReference; lastKnownFileType = sourcecode.swift; path = OnboardingSelectionViews.swift; sourceTree = "<group>"; };
		7423C7B02EF270F100E92CA7 /* OnboardingSetupViews.swift */ = {isa = PBXFileReference; lastKnownFileType = sourcecode.swift; path = OnboardingSetupViews.swift; sourceTree = "<group>"; };
		7423C7B12EF270F100E92CA7 /* OnboardingStaticPageView.swift */ = {isa = PBXFileReference; lastKnownFileType = sourcecode.swift; path = OnboardingStaticPageView.swift; sourceTree = "<group>"; };
		7423C7B72EF270FE00E92CA7 /* PremiumFeatureGate.swift */ = {isa = PBXFileReference; lastKnownFileType = sourcecode.swift; path = PremiumFeatureGate.swift; sourceTree = "<group>"; };
		7423C7B82EF270FE00E92CA7 /* StoreKitManager.swift */ = {isa = PBXFileReference; lastKnownFileType = sourcecode.swift; path = StoreKitManager.swift; sourceTree = "<group>"; };
		7423C7BB2EF271F900E92CA7 /* OnboardingModels.swift */ = {isa = PBXFileReference; lastKnownFileType = sourcecode.swift; path = OnboardingModels.swift; sourceTree = "<group>"; };
		7423C7BC2EF271F900E92CA7 /* OnboardingState.swift */ = {isa = PBXFileReference; lastKnownFileType = sourcecode.swift; path = OnboardingState.swift; sourceTree = "<group>"; };
		7423C86D2EF6862600E92CA7 /* RestTimerWidgetExtension.appex */ = {isa = PBXFileReference; explicitFileType = "wrapper.app-extension"; includeInIndex = 0; path = RestTimerWidgetExtension.appex; sourceTree = BUILT_PRODUCTS_DIR; };
		7423C86F2EF6862600E92CA7 /* WidgetKit.framework */ = {isa = PBXFileReference; lastKnownFileType = wrapper.framework; name = WidgetKit.framework; path = System/Library/Frameworks/WidgetKit.framework; sourceTree = SDKROOT; };
		7423C8712EF6862600E92CA7 /* SwiftUI.framework */ = {isa = PBXFileReference; lastKnownFileType = wrapper.framework; name = SwiftUI.framework; path = System/Library/Frameworks/SwiftUI.framework; sourceTree = SDKROOT; };
		7423C8892EF686A900E92CA7 /* RestTimerWidgetExtension.entitlements */ = {isa = PBXFileReference; lastKnownFileType = text.plist.entitlements; path = RestTimerWidgetExtension.entitlements; sourceTree = "<group>"; };
		7423C88A2EF68B5200E92CA7 /* RestTimerActivityAttributes.swift */ = {isa = PBXFileReference; lastKnownFileType = sourcecode.swift; path = RestTimerActivityAttributes.swift; sourceTree = "<group>"; };
		744B6B572ED8EE6300804AB6 /* PreferencesService.swift */ = {isa = PBXFileReference; lastKnownFileType = sourcecode.swift; path = PreferencesService.swift; sourceTree = "<group>"; };
		744B6B5B2EDBF35F00804AB6 /* RoutineScheduleView.swift */ = {isa = PBXFileReference; lastKnownFileType = sourcecode.swift; path = RoutineScheduleView.swift; sourceTree = "<group>"; };
		744B6B5E2EE9A00100804AB6 /* FreemiumLimitsService.swift */ = {isa = PBXFileReference; lastKnownFileType = sourcecode.swift; path = FreemiumLimitsService.swift; sourceTree = "<group>"; };
		744B6B602EE9B00100804AB6 /* MailerLiteService.swift */ = {isa = PBXFileReference; lastKnownFileType = sourcecode.swift; path = MailerLiteService.swift; sourceTree = "<group>"; };
		744B6B622EE9B00100804AB6 /* Secrets.swift */ = {isa = PBXFileReference; lastKnownFileType = sourcecode.swift; path = Secrets.swift; sourceTree = "<group>"; };
		ACCT00022F0B5A0100000002 /* AccountView.swift */ = {isa = PBXFileReference; lastKnownFileType = sourcecode.swift; path = AccountView.swift; sourceTree = "<group>"; };
		AUTH00022F0B5A0100000002 /* AuthService.swift */ = {isa = PBXFileReference; lastKnownFileType = sourcecode.swift; path = AuthService.swift; sourceTree = "<group>"; };
		SIGN00022F0B5A0100000002 /* SignInView.swift */ = {isa = PBXFileReference; lastKnownFileType = sourcecode.swift; path = SignInView.swift; sourceTree = "<group>"; };
		STARTER0022F0B5A0100000002 /* StarterRoutineService.swift */ = {isa = PBXFileReference; lastKnownFileType = sourcecode.swift; path = StarterRoutineService.swift; sourceTree = "<group>"; };
		SUPA00022F0B5A0100000002 /* SupabaseConfig.swift */ = {isa = PBXFileReference; lastKnownFileType = sourcecode.swift; path = SupabaseConfig.swift; sourceTree = "<group>"; };
/* End PBXFileReference section */

/* Begin PBXFileSystemSynchronizedBuildFileExceptionSet section */
		7423C8852EF6862800E92CA7 /* PBXFileSystemSynchronizedBuildFileExceptionSet */ = {
			isa = PBXFileSystemSynchronizedBuildFileExceptionSet;
			membershipExceptions = (
				Info.plist,
			);
			target = 7423C86C2EF6862600E92CA7 /* RestTimerWidgetExtension */;
		};
/* End PBXFileSystemSynchronizedBuildFileExceptionSet section */

/* Begin PBXFileSystemSynchronizedRootGroup section */
		7423C8732EF6862600E92CA7 /* RestTimerWidget */ = {isa = PBXFileSystemSynchronizedRootGroup; exceptions = (7423C8852EF6862800E92CA7 /* PBXFileSystemSynchronizedBuildFileExceptionSet */, ); explicitFileTypes = {}; explicitFolders = (); path = RestTimerWidget; sourceTree = "<group>"; };
/* End PBXFileSystemSynchronizedRootGroup section */

/* Begin PBXFrameworksBuildPhase section */
		741325052E9F733D0099C49A /* Frameworks */ = {
			isa = PBXFrameworksBuildPhase;
			buildActionMask = 2147483647;
			files = (
				74633D8D2EFF83A500A58A13 /* Supabase in Frameworks */,
				74633D922EFFB06600A58A13 /* GoogleSignInSwift in Frameworks */,
			);
			runOnlyForDeploymentPostprocessing = 0;
		};
		741325192E9F73400099C49A /* Frameworks */ = {
			isa = PBXFrameworksBuildPhase;
			buildActionMask = 2147483647;
			files = (
			);
			runOnlyForDeploymentPostprocessing = 0;
		};
		741325232E9F73400099C49A /* Frameworks */ = {
			isa = PBXFrameworksBuildPhase;
			buildActionMask = 2147483647;
			files = (
			);
			runOnlyForDeploymentPostprocessing = 0;
		};
		7423C86A2EF6862600E92CA7 /* Frameworks */ = {
			isa = PBXFrameworksBuildPhase;
			buildActionMask = 2147483647;
			files = (
				7423C8722EF6862600E92CA7 /* SwiftUI.framework in Frameworks */,
				7423C8702EF6862600E92CA7 /* WidgetKit.framework in Frameworks */,
			);
			runOnlyForDeploymentPostprocessing = 0;
		};
/* End PBXFrameworksBuildPhase section */

/* Begin PBXGroup section */
		741324FF2E9F733D0099C49A = {
			isa = PBXGroup;
			children = (
				7423C8892EF686A900E92CA7 /* RestTimerWidgetExtension.entitlements */,
				7413250A2E9F733D0099C49A /* FitNotes */,
				7413251F2E9F73400099C49A /* FitNotesTests */,
				741325292E9F73400099C49A /* FitNotesUITests */,
				7423C8732EF6862600E92CA7 /* RestTimerWidget */,
				7423C86E2EF6862600E92CA7 /* Frameworks */,
				741325092E9F733D0099C49A /* Products */,
				741C98482ECD0C1000753A52 /* Recovered References */,
			);
			sourceTree = "<group>";
		};
		741325092E9F733D0099C49A /* Products */ = {
			isa = PBXGroup;
			children = (
				741325082E9F733D0099C49A /* FitNotes.app */,
				7413251C2E9F73400099C49A /* FitNotesTests.xctest */,
				741325262E9F73400099C49A /* FitNotesUITests.xctest */,
				7423C86D2EF6862600E92CA7 /* RestTimerWidgetExtension.appex */,
			);
			name = Products;
			sourceTree = "<group>";
		};
		7413250A2E9F733D0099C49A /* FitNotes */ = {
			isa = PBXGroup;
			children = (
				741325112E9F73400099C49A /* Assets.xcassets */,
				741325162E9F73400099C49A /* FitNotes.entitlements */,
				741325172E9F73400099C49A /* Info.plist */,
				741325132E9F73400099C49A /* Preview Content */,
				741C98822ECD0D9100753A53 /* App */,
				741C98832ECD0D9100753A54 /* Models */,
				741C98842ECD0D9100753A55 /* Services */,
				741C98852ECD0D9100753A56 /* Views */,
				741C98862ECD0D9100753A57 /* Components */,
				741C98872ECD0D9100753A58 /* Utilities */,
				744B6B632EE9B00100804AB6 /* Config */,
			);
			path = FitNotes;
			sourceTree = "<group>";
		};
		741325132E9F73400099C49A /* Preview Content */ = {
			isa = PBXGroup;
			children = (
				741325142E9F73400099C49A /* Preview Assets.xcassets */,
			);
			path = "Preview Content";
			sourceTree = "<group>";
		};
		7413251F2E9F73400099C49A /* FitNotesTests */ = {
			isa = PBXGroup;
			children = (
				741325202E9F73400099C49A /* FitNotesTests.swift */,
			);
			path = FitNotesTests;
			sourceTree = "<group>";
		};
		741325292E9F73400099C49A /* FitNotesUITests */ = {
			isa = PBXGroup;
			children = (
				7413252A2E9F73400099C49A /* FitNotesUITests.swift */,
				7413252C2E9F73400099C49A /* FitNotesUITestsLaunchTests.swift */,
			);
			path = FitNotesUITests;
			sourceTree = "<group>";
		};
		741C98482ECD0C1000753A52 /* Recovered References */ = {
			isa = PBXGroup;
			children = (
			);
			name = "Recovered References";
			sourceTree = "<group>";
		};
		741C98822ECD0D9100753A53 /* App */ = {
			isa = PBXGroup;
			children = (
				7413250B2E9F733D0099C49A /* FitNotesApp.swift */,
				7413250D2E9F733D0099C49A /* ContentView.swift */,
			);
			path = App;
			sourceTree = "<group>";
		};
		741C98832ECD0D9100753A54 /* Models */ = {
			isa = PBXGroup;
			children = (
				7423C7BB2EF271F900E92CA7 /* OnboardingModels.swift */,
				7423C7BC2EF271F900E92CA7 /* OnboardingState.swift */,
				7413252E2E9F733D0099C49A /* Models.swift */,
				741325312E9F733D0099C49A /* Exercise.swift */,
				741325332E9F733D0099C49A /* DailyRoutine.swift */,
			);
			path = Models;
			sourceTree = "<group>";
		};
		741C98842ECD0D9100753A55 /* Services */ = {
			isa = PBXGroup;
			children = (
				7423C7B72EF270FE00E92CA7 /* PremiumFeatureGate.swift */,
				7423C7B82EF270FE00E92CA7 /* StoreKitManager.swift */,
				7423C0932EF1198F00E92CA7 /* DevDataSeeder.swift */,
				7413253E2E9F733D0099C49A /* ExerciseService.swift */,
				741325352E9F733D0099C49A /* ExerciseDatabaseService.swift */,
				25F88B33E5C5465EB1181C5B193E08F4 /* ExerciseSearchService.swift */,
				741325372E9F733D0099C49A /* DailyRoutineService.swift */,
				741325542E9F733D0099C49A /* StatsService.swift */,
				741C98722ECD0D9100753A52 /* InsightsService.swift */,
				741C98742ECD0D9100753A52 /* ProgressionService.swift */,
				744B6B572ED8EE6300804AB6 /* PreferencesService.swift */,
				744B6B5E2EE9A00100804AB6 /* FreemiumLimitsService.swift */,
				744B6B602EE9B00100804AB6 /* MailerLiteService.swift */,
				STARTER0022F0B5A0100000002 /* StarterRoutineService.swift */,
				AUTH00022F0B5A0100000002 /* AuthService.swift */,
			);
			path = Services;
			sourceTree = "<group>";
		};
		741C98852ECD0D9100753A56 /* Views */ = {
			isa = PBXGroup;
			children = (
				AUTH00032F0B5A0100000003 /* Auth */,
				7423C7B22EF270F100E92CA7 /* Onboarding */,
				741C98882ECD0D9100753A59 /* Exercise */,
				741C98892ECD0D9100753A60 /* Workout */,
				741C988A2ECD0D9100753A61 /* Routine */,
				741C988B2ECD0D9100753A62 /* Insights */,
			);
			path = Views;
			sourceTree = "<group>";
		};
		741C98862ECD0D9100753A57 /* Components */ = {
			isa = PBXGroup;
			children = (
				7413253D2E9F733D0099C49A /* Components.swift */,
				741325502E9F733D0099C49A /* DesignSystem.swift */,
			);
			path = Components;
			sourceTree = "<group>";
		};
		741C98872ECD0D9100753A58 /* Utilities */ = {
			isa = PBXGroup;
			children = (
				7423C88A2EF68B5200E92CA7 /* RestTimerActivityAttributes.swift */,
				741C98F62ED1194D00753A52 /* CustomNumericKeyboard.swift */,
				741C98F72ED1194D00753A52 /* NoKeyboardTextField.swift */,
				4A97248D302F2B0739B2D5FB /* NumericInputField.swift */,
				741C98772ECD0D9100753A52 /* RestTimerManager.swift */,
			);
			path = Utilities;
			sourceTree = "<group>";
		};
		741C98882ECD0D9100753A59 /* Exercise */ = {
			isa = PBXGroup;
			children = (
				741325452E9F733D0099C49A /* ExerciseDetailView.swift */,
				741325432E9F733D0099C49A /* ExerciseListView.swift */,
				741325392E9F733D0099C49A /* ExercisesView.swift */,
				7413254B2E9F733D0099C49A /* ExerciseSettingsView.swift */,
				741C98702ECD0D9100753A52 /* ExerciseStatsView.swift */,
				741325472E9F733D0099C49A /* TrackTabView.swift */,
				741325492E9F733D0099C49A /* HistoryTabView.swift */,
			);
			path = Exercise;
			sourceTree = "<group>";
		};
		741C98892ECD0D9100753A60 /* Workout */ = {
			isa = PBXGroup;
			children = (
				7413253B2E9F733D0099C49A /* DailyRoutineView.swift */,
			);
			path = Workout;
			sourceTree = "<group>";
		};
		741C988A2ECD0D9100753A61 /* Routine */ = {
			isa = PBXGroup;
			children = (
				744B6B5B2EDBF35F00804AB6 /* RoutineScheduleView.swift */,
			);
			path = Routine;
			sourceTree = "<group>";
		};
		741C988B2ECD0D9100753A62 /* Insights */ = {
			isa = PBXGroup;
			children = (
				7423C08D2EF09E4700E92CA7 /* MuscleRecoveryHeatmapView.swift */,
				7423C0852EF09E2900E92CA7 /* GoalsCardView.swift */,
				7423C0862EF09E2900E92CA7 /* StreakConsistencyView.swift */,
				7423C0872EF09E2900E92CA7 /* TopExercisesView.swift */,
				7423C0882EF09E2900E92CA7 /* YearInReviewView.swift */,
				741C98712ECD0D9100753A52 /* InsightsChartView.swift */,
				741C98732ECD0D9100753A52 /* MuscleGroupBreakdownView.swift */,
				741C98752ECD0D9100753A52 /* RecentPRsView.swift */,
				741C98782ECD0D9100753A52 /* SimplifiedStatsIndicator.swift */,
			);
			path = Insights;
			sourceTree = "<group>";
		};
		7423C7B22EF270F100E92CA7 /* Onboarding */ = {
			isa = PBXGroup;
			children = (
				7423C7AE2EF270F100E92CA7 /* OnboardingContainerView.swift */,
				7423C7AF2EF270F100E92CA7 /* OnboardingSelectionViews.swift */,
				7423C7B02EF270F100E92CA7 /* OnboardingSetupViews.swift */,
				7423C7B12EF270F100E92CA7 /* OnboardingStaticPageView.swift */,
			);
			path = Onboarding;
			sourceTree = "<group>";
		};
		7423C86E2EF6862600E92CA7 /* Frameworks */ = {
			isa = PBXGroup;
			children = (
				7423C86F2EF6862600E92CA7 /* WidgetKit.framework */,
				7423C8712EF6862600E92CA7 /* SwiftUI.framework */,
			);
			name = Frameworks;
			sourceTree = "<group>";
		};
		744B6B632EE9B00100804AB6 /* Config */ = {
			isa = PBXGroup;
			children = (
				744B6B622EE9B00100804AB6 /* Secrets.swift */,
				SUPA00022F0B5A0100000002 /* SupabaseConfig.swift */,
			);
			path = Config;
			sourceTree = "<group>";
		};
		AUTH00032F0B5A0100000003 /* Auth */ = {
			isa = PBXGroup;
			children = (
				SIGN00022F0B5A0100000002 /* SignInView.swift */,
				ACCT00022F0B5A0100000002 /* AccountView.swift */,
			);
			path = Auth;
			sourceTree = "<group>";
		};
/* End PBXGroup section */

/* Begin PBXNativeTarget section */
		741325072E9F733D0099C49A /* FitNotes */ = {
			isa = PBXNativeTarget;
			buildConfigurationList = 741325302E9F73400099C49A /* Build configuration list for PBXNativeTarget "FitNotes" */;
			buildPhases = (
				741325042E9F733D0099C49A /* Sources */,
				741325052E9F733D0099C49A /* Frameworks */,
				741325062E9F733D0099C49A /* Resources */,
				7423C8822EF6862800E92CA7 /* Embed Foundation Extensions */,
			);
			buildRules = (
			);
			dependencies = (
				7423C8802EF6862800E92CA7 /* PBXTargetDependency */,
			);
			name = FitNotes;
			productName = FitNotes;
			productReference = 741325082E9F733D0099C49A /* FitNotes.app */;
			productType = "com.apple.product-type.application";
		};
		7413251B2E9F73400099C49A /* FitNotesTests */ = {
			isa = PBXNativeTarget;
			buildConfigurationList = 741325332E9F73400099C49A /* Build configuration list for PBXNativeTarget "FitNotesTests" */;
			buildPhases = (
				741325182E9F73400099C49A /* Sources */,
				741325192E9F73400099C49A /* Frameworks */,
				7413251A2E9F73400099C49A /* Resources */,
			);
			buildRules = (
			);
			dependencies = (
				7413251E2E9F73400099C49A /* PBXTargetDependency */,
			);
			name = FitNotesTests;
			productName = FitNotesTests;
			productReference = 7413251C2E9F73400099C49A /* FitNotesTests.xctest */;
			productType = "com.apple.product-type.bundle.unit-test";
		};
		741325252E9F73400099C49A /* FitNotesUITests */ = {
			isa = PBXNativeTarget;
			buildConfigurationList = 741325362E9F73400099C49A /* Build configuration list for PBXNativeTarget "FitNotesUITests" */;
			buildPhases = (
				741325222E9F73400099C49A /* Sources */,
				741325232E9F73400099C49A /* Frameworks */,
				741325242E9F73400099C49A /* Resources */,
			);
			buildRules = (
			);
			dependencies = (
				741325282E9F73400099C49A /* PBXTargetDependency */,
			);
			name = FitNotesUITests;
			productName = FitNotesUITests;
			productReference = 741325262E9F73400099C49A /* FitNotesUITests.xctest */;
			productType = "com.apple.product-type.bundle.ui-testing";
		};
		7423C86C2EF6862600E92CA7 /* RestTimerWidgetExtension */ = {
			isa = PBXNativeTarget;
			buildConfigurationList = 7423C8862EF6862800E92CA7 /* Build configuration list for PBXNativeTarget "RestTimerWidgetExtension" */;
			buildPhases = (
				7423C8692EF6862600E92CA7 /* Sources */,
				7423C86A2EF6862600E92CA7 /* Frameworks */,
				7423C86B2EF6862600E92CA7 /* Resources */,
			);
			buildRules = (
			);
			dependencies = (
			);
			fileSystemSynchronizedGroups = (
				7423C8732EF6862600E92CA7 /* RestTimerWidget */,
			);
			name = RestTimerWidgetExtension;
			packageProductDependencies = (
			);
			productName = RestTimerWidgetExtension;
			productReference = 7423C86D2EF6862600E92CA7 /* RestTimerWidgetExtension.appex */;
			productType = "com.apple.product-type.app-extension";
		};
/* End PBXNativeTarget section */

/* Begin PBXProject section */
		741325002E9F733D0099C49A /* Project object */ = {
			isa = PBXProject;
			attributes = {
				BuildIndependentTargetsInParallel = 1;
				LastSwiftUpdateCheck = 2610;
				LastUpgradeCheck = 2610;
				TargetAttributes = {
					741325072E9F733D0099C49A = {
						CreatedOnToolsVersion = 15.0;
					};
					7413251B2E9F73400099C49A = {
						CreatedOnToolsVersion = 15.0;
						TestTargetID = 741325072E9F733D0099C49A;
					};
					741325252E9F73400099C49A = {
						CreatedOnToolsVersion = 15.0;
						TestTargetID = 741325072E9F733D0099C49A;
					};
					7423C86C2EF6862600E92CA7 = {
						CreatedOnToolsVersion = 26.1.1;
					};
				};
			};
			buildConfigurationList = 741325032E9F733D0099C49A /* Build configuration list for PBXProject "FitNotes" */;
			compatibilityVersion = "Xcode 14.0";
			developmentRegion = en;
			hasScannedForEncodings = 0;
			knownRegions = (
				en,
				Base,
			);
			mainGroup = 741324FF2E9F733D0099C49A;
			packageReferences = (
				74633D8B2EFF83A500A58A13 /* XCRemoteSwiftPackageReference "supabase-swift" */,
				74633D902EFFB06600A58A13 /* XCRemoteSwiftPackageReference "GoogleSignIn-iOS" */,
			);
			productRefGroup = 741325092E9F733D0099C49A /* Products */;
			projectDirPath = "";
			projectRoot = "";
			targets = (
				741325072E9F733D0099C49A /* FitNotes */,
				7413251B2E9F73400099C49A /* FitNotesTests */,
				741325252E9F73400099C49A /* FitNotesUITests */,
				7423C86C2EF6862600E92CA7 /* RestTimerWidgetExtension */,
			);
		};
/* End PBXProject section */

/* Begin PBXResourcesBuildPhase section */
		741325062E9F733D0099C49A /* Resources */ = {
			isa = PBXResourcesBuildPhase;
			buildActionMask = 2147483647;
			files = (
				741325152E9F73400099C49A /* Preview Assets.xcassets in Resources */,
				741325122E9F73400099C49A /* Assets.xcassets in Resources */,
			);
			runOnlyForDeploymentPostprocessing = 0;
		};
		7413251A2E9F73400099C49A /* Resources */ = {
			isa = PBXResourcesBuildPhase;
			buildActionMask = 2147483647;
			files = (
			);
			runOnlyForDeploymentPostprocessing = 0;
		};
		741325242E9F73400099C49A /* Resources */ = {
			isa = PBXResourcesBuildPhase;
			buildActionMask = 2147483647;
			files = (
			);
			runOnlyForDeploymentPostprocessing = 0;
		};
		7423C86B2EF6862600E92CA7 /* Resources */ = {
			isa = PBXResourcesBuildPhase;
			buildActionMask = 2147483647;
			files = (
			);
			runOnlyForDeploymentPostprocessing = 0;
		};
/* End PBXResourcesBuildPhase section */

/* Begin PBXSourcesBuildPhase section */
		741325042E9F733D0099C49A /* Sources */ = {
			isa = PBXSourcesBuildPhase;
			buildActionMask = 2147483647;
			files = (
				7413250E2E9F733D0099C49A /* ContentView.swift in Sources */,
				7413252F2E9F733D0099C49A /* Models.swift in Sources */,
				744B6B5C2EDBF35F00804AB6 /* RoutineScheduleView.swift in Sources */,
				741325302E9F733D0099C49A /* Exercise.swift in Sources */,
				741325322E9F733D0099C49A /* DailyRoutine.swift in Sources */,
				741C98F82ED1194D00753A52 /* NoKeyboardTextField.swift in Sources */,
				741C98F92ED1194D00753A52 /* CustomNumericKeyboard.swift in Sources */,
				741325342E9F733D0099C49A /* ExerciseDatabaseService.swift in Sources */,
				741325362E9F733D0099C49A /* DailyRoutineService.swift in Sources */,
				741325382E9F733D0099C49A /* ExercisesView.swift in Sources */,
				7413253A2E9F733D0099C49A /* DailyRoutineView.swift in Sources */,
				7413253C2E9F733D0099C49A /* Components.swift in Sources */,
				741325402E9F733D0099C49A /* ExerciseService.swift in Sources */,
				741325422E9F733D0099C49A /* ExerciseListView.swift in Sources */,
				741325442E9F733D0099C49A /* ExerciseDetailView.swift in Sources */,
				7413254A2E9F733D0099C49A /* ExerciseSettingsView.swift in Sources */,
				741325462E9F733D0099C49A /* TrackTabView.swift in Sources */,
				741325482E9F733D0099C49A /* HistoryTabView.swift in Sources */,
				25F88B33E5C5465EB1181C5B193E08F3 /* ExerciseSearchService.swift in Sources */,
				741325522E9F733D0099C49A /* DesignSystem.swift in Sources */,
				741325562E9F733D0099C49A /* StatsService.swift in Sources */,
				741C98792ECD0D9100753A52 /* MuscleGroupBreakdownView.swift in Sources */,
				741C987A2ECD0D9100753A52 /* RecentPRsView.swift in Sources */,
				741C987C2ECD0D9100753A52 /* InsightsChartView.swift in Sources */,
				744B6B582ED8EE6300804AB6 /* PreferencesService.swift in Sources */,
				744B6B5D2EE9A00100804AB6 /* FreemiumLimitsService.swift in Sources */,
				741C987D2ECD0D9100753A52 /* InsightsService.swift in Sources */,
				741C987E2ECD0D9100753A52 /* RestTimerManager.swift in Sources */,
				7423C0942EF1198F00E92CA7 /* DevDataSeeder.swift in Sources */,
				741C987F2ECD0D9100753A52 /* ProgressionService.swift in Sources */,
				741C98802ECD0D9100753A52 /* SimplifiedStatsIndicator.swift in Sources */,
				7423C7B32EF270F100E92CA7 /* OnboardingStaticPageView.swift in Sources */,
				7423C7B42EF270F100E92CA7 /* OnboardingSetupViews.swift in Sources */,
				7423C7B52EF270F100E92CA7 /* OnboardingContainerView.swift in Sources */,
				7423C88B2EF68B5200E92CA7 /* RestTimerActivityAttributes.swift in Sources */,
				7423C7B62EF270F100E92CA7 /* OnboardingSelectionViews.swift in Sources */,
				741C98812ECD0D9100753A52 /* ExerciseStatsView.swift in Sources */,
				7423C08E2EF09E4700E92CA7 /* MuscleRecoveryHeatmapView.swift in Sources */,
				7423C0892EF09E2900E92CA7 /* StreakConsistencyView.swift in Sources */,
				7423C08A2EF09E2900E92CA7 /* YearInReviewView.swift in Sources */,
				7423C7B92EF270FE00E92CA7 /* StoreKitManager.swift in Sources */,
				7423C7BA2EF270FE00E92CA7 /* PremiumFeatureGate.swift in Sources */,
				7423C7BD2EF271F900E92CA7 /* OnboardingModels.swift in Sources */,
				7423C7BE2EF271F900E92CA7 /* OnboardingState.swift in Sources */,
				7423C08B2EF09E2900E92CA7 /* GoalsCardView.swift in Sources */,
				7423C08C2EF09E2900E92CA7 /* TopExercisesView.swift in Sources */,
				7413250C2E9F733D0099C49A /* FitNotesApp.swift in Sources */,
				A83F2D7EE1B4C93B039DD942 /* NumericInputField.swift in Sources */,
				744B6B5F2EE9B00100804AB6 /* MailerLiteService.swift in Sources */,
				STARTER0012F0B5A0100000001 /* StarterRoutineService.swift in Sources */,
				AUTH00012F0B5A0100000001 /* AuthService.swift in Sources */,
				SUPA00012F0B5A0100000001 /* SupabaseConfig.swift in Sources */,
				SIGN00012F0B5A0100000001 /* SignInView.swift in Sources */,
				ACCT00012F0B5A0100000001 /* AccountView.swift in Sources */,
				744B6B612EE9B00100804AB6 /* Secrets.swift in Sources */,
			);
			runOnlyForDeploymentPostprocessing = 0;
		};
		741325182E9F73400099C49A /* Sources */ = {
			isa = PBXSourcesBuildPhase;
			buildActionMask = 2147483647;
			files = (
				741325212E9F73400099C49A /* FitNotesTests.swift in Sources */,
			);
			runOnlyForDeploymentPostprocessing = 0;
		};
		741325222E9F73400099C49A /* Sources */ = {
			isa = PBXSourcesBuildPhase;
			buildActionMask = 2147483647;
			files = (
				7413252D2E9F73400099C49A /* FitNotesUITestsLaunchTests.swift in Sources */,
				7413252B2E9F73400099C49A /* FitNotesUITests.swift in Sources */,
			);
			runOnlyForDeploymentPostprocessing = 0;
		};
		7423C8692EF6862600E92CA7 /* Sources */ = {
			isa = PBXSourcesBuildPhase;
			buildActionMask = 2147483647;
			files = (
				7423C88C2EF68B6300E92CA7 /* RestTimerActivityAttributes.swift in Sources */,
			);
			runOnlyForDeploymentPostprocessing = 0;
		};
/* End PBXSourcesBuildPhase section */

/* Begin PBXTargetDependency section */
		7413251E2E9F73400099C49A /* PBXTargetDependency */ = {
			isa = PBXTargetDependency;
			target = 741325072E9F733D0099C49A /* FitNotes */;
			targetProxy = 7413251D2E9F73400099C49A /* PBXContainerItemProxy */;
		};
		741325282E9F73400099C49A /* PBXTargetDependency */ = {
			isa = PBXTargetDependency;
			target = 741325072E9F733D0099C49A /* FitNotes */;
			targetProxy = 741325272E9F73400099C49A /* PBXContainerItemProxy */;
		};
		7423C8802EF6862800E92CA7 /* PBXTargetDependency */ = {
			isa = PBXTargetDependency;
			target = 7423C86C2EF6862600E92CA7 /* RestTimerWidgetExtension */;
			targetProxy = 7423C87F2EF6862800E92CA7 /* PBXContainerItemProxy */;
		};
/* End PBXTargetDependency section */

/* Begin XCBuildConfiguration section */
		7413252E2E9F73400099C49A /* Debug */ = {
			isa = XCBuildConfiguration;
			buildSettings = {
				ALWAYS_SEARCH_USER_PATHS = NO;
				ASSETCATALOG_COMPILER_GENERATE_SWIFT_ASSET_SYMBOL_EXTENSIONS = YES;
				CLANG_ANALYZER_NONNULL = YES;
				CLANG_ANALYZER_NUMBER_OBJECT_CONVERSION = YES_AGGRESSIVE;
				CLANG_CXX_LANGUAGE_STANDARD = "gnu++20";
				CLANG_ENABLE_MODULES = YES;
				CLANG_ENABLE_OBJC_ARC = YES;
				CLANG_ENABLE_OBJC_WEAK = YES;
				CLANG_WARN_BLOCK_CAPTURE_AUTORELEASING = YES;
				CLANG_WARN_BOOL_CONVERSION = YES;
				CLANG_WARN_COMMA = YES;
				CLANG_WARN_CONSTANT_CONVERSION = YES;
				CLANG_WARN_DEPRECATED_OBJC_IMPLEMENTATIONS = YES;
				CLANG_WARN_DIRECT_OBJC_ISA_USAGE = YES_ERROR;
				CLANG_WARN_DOCUMENTATION_COMMENTS = YES;
				CLANG_WARN_EMPTY_BODY = YES;
				CLANG_WARN_ENUM_CONVERSION = YES;
				CLANG_WARN_INFINITE_RECURSION = YES;
				CLANG_WARN_INT_CONVERSION = YES;
				CLANG_WARN_NON_LITERAL_NULL_CONVERSION = YES;
				CLANG_WARN_OBJC_IMPLICIT_RETAIN_SELF = YES;
				CLANG_WARN_OBJC_LITERAL_CONVERSION = YES;
				CLANG_WARN_OBJC_ROOT_CLASS = YES_ERROR;
				CLANG_WARN_QUOTED_INCLUDE_IN_FRAMEWORK_HEADER = YES;
				CLANG_WARN_RANGE_LOOP_ANALYSIS = YES;
				CLANG_WARN_STRICT_PROTOTYPES = YES;
				CLANG_WARN_SUSPICIOUS_MOVE = YES;
				CLANG_WARN_UNGUARDED_AVAILABILITY = YES_AGGRESSIVE;
				CLANG_WARN_UNREACHABLE_CODE = YES;
				CLANG_WARN__DUPLICATE_METHOD_MATCH = YES;
				COPY_PHASE_STRIP = NO;
				DEBUG_INFORMATION_FORMAT = dwarf;
				DEVELOPMENT_TEAM = 6N75SAQ2KX;
				ENABLE_STRICT_OBJC_MSGSEND = YES;
				ENABLE_TESTABILITY = YES;
				ENABLE_USER_SCRIPT_SANDBOXING = YES;
				GCC_C_LANGUAGE_STANDARD = gnu17;
				GCC_DYNAMIC_NO_PIC = NO;
				GCC_NO_COMMON_BLOCKS = YES;
				GCC_OPTIMIZATION_LEVEL = 0;
				GCC_PREPROCESSOR_DEFINITIONS = (
					"DEBUG=1",
					"$(inherited)",
				);
				GCC_WARN_64_TO_32_BIT_CONVERSION = YES;
				GCC_WARN_ABOUT_RETURN_TYPE = YES_ERROR;
				GCC_WARN_UNDECLARED_SELECTOR = YES;
				GCC_WARN_UNINITIALIZED_AUTOS = YES_AGGRESSIVE;
				GCC_WARN_UNUSED_FUNCTION = YES;
				GCC_WARN_UNUSED_VARIABLE = YES;
				IPHONEOS_DEPLOYMENT_TARGET = 17.0;
				LOCALIZATION_PREFERS_STRING_CATALOGS = YES;
				MTL_ENABLE_DEBUG_INFO = INCLUDE_SOURCE;
				MTL_FAST_MATH = YES;
				ONLY_ACTIVE_ARCH = YES;
				SDKROOT = iphoneos;
				STRING_CATALOG_GENERATE_SYMBOLS = YES;
				SWIFT_ACTIVE_COMPILATION_CONDITIONS = "DEBUG $(inherited)";
				SWIFT_OPTIMIZATION_LEVEL = "-Onone";
			};
			name = Debug;
		};
		7413252F2E9F73400099C49A /* Release */ = {
			isa = XCBuildConfiguration;
			buildSettings = {
				ALWAYS_SEARCH_USER_PATHS = NO;
				ASSETCATALOG_COMPILER_GENERATE_SWIFT_ASSET_SYMBOL_EXTENSIONS = YES;
				CLANG_ANALYZER_NONNULL = YES;
				CLANG_ANALYZER_NUMBER_OBJECT_CONVERSION = YES_AGGRESSIVE;
				CLANG_CXX_LANGUAGE_STANDARD = "gnu++20";
				CLANG_ENABLE_MODULES = YES;
				CLANG_ENABLE_OBJC_ARC = YES;
				CLANG_ENABLE_OBJC_WEAK = YES;
				CLANG_WARN_BLOCK_CAPTURE_AUTORELEASING = YES;
				CLANG_WARN_BOOL_CONVERSION = YES;
				CLANG_WARN_COMMA = YES;
				CLANG_WARN_CONSTANT_CONVERSION = YES;
				CLANG_WARN_DEPRECATED_OBJC_IMPLEMENTATIONS = YES;
				CLANG_WARN_DIRECT_OBJC_ISA_USAGE = YES_ERROR;
				CLANG_WARN_DOCUMENTATION_COMMENTS = YES;
				CLANG_WARN_EMPTY_BODY = YES;
				CLANG_WARN_ENUM_CONVERSION = YES;
				CLANG_WARN_INFINITE_RECURSION = YES;
				CLANG_WARN_INT_CONVERSION = YES;
				CLANG_WARN_NON_LITERAL_NULL_CONVERSION = YES;
				CLANG_WARN_OBJC_IMPLICIT_RETAIN_SELF = YES;
				CLANG_WARN_OBJC_LITERAL_CONVERSION = YES;
				CLANG_WARN_OBJC_ROOT_CLASS = YES_ERROR;
				CLANG_WARN_QUOTED_INCLUDE_IN_FRAMEWORK_HEADER = YES;
				CLANG_WARN_RANGE_LOOP_ANALYSIS = YES;
				CLANG_WARN_STRICT_PROTOTYPES = YES;
				CLANG_WARN_SUSPICIOUS_MOVE = YES;
				CLANG_WARN_UNGUARDED_AVAILABILITY = YES_AGGRESSIVE;
				CLANG_WARN_UNREACHABLE_CODE = YES;
				CLANG_WARN__DUPLICATE_METHOD_MATCH = YES;
				COPY_PHASE_STRIP = NO;
				DEBUG_INFORMATION_FORMAT = "dwarf-with-dsym";
				DEVELOPMENT_TEAM = 6N75SAQ2KX;
				ENABLE_NS_ASSERTIONS = NO;
				ENABLE_STRICT_OBJC_MSGSEND = YES;
				ENABLE_USER_SCRIPT_SANDBOXING = YES;
				GCC_C_LANGUAGE_STANDARD = gnu17;
				GCC_NO_COMMON_BLOCKS = YES;
				GCC_WARN_64_TO_32_BIT_CONVERSION = YES;
				GCC_WARN_ABOUT_RETURN_TYPE = YES_ERROR;
				GCC_WARN_UNDECLARED_SELECTOR = YES;
				GCC_WARN_UNINITIALIZED_AUTOS = YES_AGGRESSIVE;
				GCC_WARN_UNUSED_FUNCTION = YES;
				GCC_WARN_UNUSED_VARIABLE = YES;
				IPHONEOS_DEPLOYMENT_TARGET = 17.0;
				LOCALIZATION_PREFERS_STRING_CATALOGS = YES;
				MTL_ENABLE_DEBUG_INFO = NO;
				MTL_FAST_MATH = YES;
				SDKROOT = iphoneos;
				STRING_CATALOG_GENERATE_SYMBOLS = YES;
				SWIFT_COMPILATION_MODE = wholemodule;
				VALIDATE_PRODUCT = YES;
			};
			name = Release;
		};
		741325312E9F73400099C49A /* Debug */ = {
			isa = XCBuildConfiguration;
			buildSettings = {
				ASSETCATALOG_COMPILER_APPICON_NAME = AppIcon;
				ASSETCATALOG_COMPILER_GLOBAL_ACCENT_COLOR_NAME = AccentColor;
				CODE_SIGN_ENTITLEMENTS = FitNotes/FitNotes.entitlements;
				CODE_SIGN_STYLE = Automatic;
				CURRENT_PROJECT_VERSION = 1;
				DEVELOPMENT_ASSET_PATHS = "\"FitNotes/Preview Content\"";
				ENABLE_APP_SANDBOX = YES;
				ENABLE_PREVIEWS = YES;
				ENABLE_USER_SELECTED_FILES = readonly;
				GENERATE_INFOPLIST_FILE = YES;
				INFOPLIST_FILE = FitNotes/Info.plist;
				INFOPLIST_KEY_NSSupportsLiveActivities = YES;
				INFOPLIST_KEY_UIApplicationSceneManifest_Generation = YES;
				INFOPLIST_KEY_UIApplicationSupportsIndirectInputEvents = YES;
				INFOPLIST_KEY_UILaunchScreen_Generation = YES;
				INFOPLIST_KEY_UISupportedInterfaceOrientations_iPad = "UIInterfaceOrientationPortrait UIInterfaceOrientationPortraitUpsideDown UIInterfaceOrientationLandscapeLeft UIInterfaceOrientationLandscapeRight";
				INFOPLIST_KEY_UISupportedInterfaceOrientations_iPhone = "UIInterfaceOrientationPortrait UIInterfaceOrientationLandscapeLeft UIInterfaceOrientationLandscapeRight";
				LD_RUNPATH_SEARCH_PATHS = (
					"$(inherited)",
					"@executable_path/Frameworks",
				);
				MARKETING_VERSION = 1.0;
				PRODUCT_BUNDLE_IDENTIFIER = "Future-Selves.FitNotes";
				PRODUCT_NAME = "$(TARGET_NAME)";
				SUPPORTED_PLATFORMS = "iphoneos iphonesimulator";
				SUPPORTS_MACCATALYST = NO;
				SUPPORTS_MAC_DESIGNED_FOR_IPHONE_IPAD = NO;
				SUPPORTS_XR_DESIGNED_FOR_IPHONE_IPAD = NO;
				SWIFT_EMIT_LOC_STRINGS = YES;
				SWIFT_VERSION = 5.0;
				TARGETED_DEVICE_FAMILY = "1,2";
			};
			name = Debug;
		};
		741325322E9F73400099C49A /* Release */ = {
			isa = XCBuildConfiguration;
			buildSettings = {
				ASSETCATALOG_COMPILER_APPICON_NAME = AppIcon;
				ASSETCATALOG_COMPILER_GLOBAL_ACCENT_COLOR_NAME = AccentColor;
				CODE_SIGN_ENTITLEMENTS = FitNotes/FitNotes.entitlements;
				CODE_SIGN_STYLE = Automatic;
				CURRENT_PROJECT_VERSION = 1;
				DEVELOPMENT_ASSET_PATHS = "\"FitNotes/Preview Content\"";
				ENABLE_APP_SANDBOX = YES;
				ENABLE_PREVIEWS = YES;
				ENABLE_USER_SELECTED_FILES = readonly;
				GENERATE_INFOPLIST_FILE = YES;
				INFOPLIST_FILE = FitNotes/Info.plist;
				INFOPLIST_KEY_NSSupportsLiveActivities = YES;
				INFOPLIST_KEY_UIApplicationSceneManifest_Generation = YES;
				INFOPLIST_KEY_UIApplicationSupportsIndirectInputEvents = YES;
				INFOPLIST_KEY_UILaunchScreen_Generation = YES;
				INFOPLIST_KEY_UISupportedInterfaceOrientations_iPad = "UIInterfaceOrientationPortrait UIInterfaceOrientationPortraitUpsideDown UIInterfaceOrientationLandscapeLeft UIInterfaceOrientationLandscapeRight";
				INFOPLIST_KEY_UISupportedInterfaceOrientations_iPhone = "UIInterfaceOrientationPortrait UIInterfaceOrientationLandscapeLeft UIInterfaceOrientationLandscapeRight";
				LD_RUNPATH_SEARCH_PATHS = (
					"$(inherited)",
					"@executable_path/Frameworks",
				);
				MARKETING_VERSION = 1.0;
				PRODUCT_BUNDLE_IDENTIFIER = "Future-Selves.FitNotes";
				PRODUCT_NAME = "$(TARGET_NAME)";
				SUPPORTED_PLATFORMS = "iphoneos iphonesimulator";
				SUPPORTS_MACCATALYST = NO;
				SUPPORTS_MAC_DESIGNED_FOR_IPHONE_IPAD = NO;
				SUPPORTS_XR_DESIGNED_FOR_IPHONE_IPAD = NO;
				SWIFT_EMIT_LOC_STRINGS = YES;
				SWIFT_VERSION = 5.0;
				TARGETED_DEVICE_FAMILY = "1,2";
			};
			name = Release;
		};
		741325342E9F73400099C49A /* Debug */ = {
			isa = XCBuildConfiguration;
			buildSettings = {
				BUNDLE_LOADER = "$(TEST_HOST)";
				CODE_SIGN_STYLE = Automatic;
				CURRENT_PROJECT_VERSION = 1;
				GENERATE_INFOPLIST_FILE = YES;
				IPHONEOS_DEPLOYMENT_TARGET = 17.0;
				MARKETING_VERSION = 1.0;
				PRODUCT_BUNDLE_IDENTIFIER = "Future-Selves.FitNotesTests";
				PRODUCT_NAME = "$(TARGET_NAME)";
				SWIFT_EMIT_LOC_STRINGS = NO;
				SWIFT_VERSION = 5.0;
				TARGETED_DEVICE_FAMILY = "1,2";
				TEST_HOST = "$(BUILT_PRODUCTS_DIR)/FitNotes.app/$(BUNDLE_EXECUTABLE_FOLDER_PATH)/FitNotes";
			};
			name = Debug;
		};
		741325352E9F73400099C49A /* Release */ = {
			isa = XCBuildConfiguration;
			buildSettings = {
				BUNDLE_LOADER = "$(TEST_HOST)";
				CODE_SIGN_STYLE = Automatic;
				CURRENT_PROJECT_VERSION = 1;
				GENERATE_INFOPLIST_FILE = YES;
				IPHONEOS_DEPLOYMENT_TARGET = 17.0;
				MARKETING_VERSION = 1.0;
				PRODUCT_BUNDLE_IDENTIFIER = "Future-Selves.FitNotesTests";
				PRODUCT_NAME = "$(TARGET_NAME)";
				SWIFT_EMIT_LOC_STRINGS = NO;
				SWIFT_VERSION = 5.0;
				TARGETED_DEVICE_FAMILY = "1,2";
				TEST_HOST = "$(BUILT_PRODUCTS_DIR)/FitNotes.app/$(BUNDLE_EXECUTABLE_FOLDER_PATH)/FitNotes";
			};
			name = Release;
		};
		741325372E9F73400099C49A /* Debug */ = {
			isa = XCBuildConfiguration;
			buildSettings = {
				CODE_SIGN_STYLE = Automatic;
				CURRENT_PROJECT_VERSION = 1;
				GENERATE_INFOPLIST_FILE = YES;
				MARKETING_VERSION = 1.0;
				PRODUCT_BUNDLE_IDENTIFIER = "Future-Selves.FitNotesUITests";
				PRODUCT_NAME = "$(TARGET_NAME)";
				SWIFT_EMIT_LOC_STRINGS = NO;
				SWIFT_VERSION = 5.0;
				TARGETED_DEVICE_FAMILY = "1,2";
				TEST_TARGET_NAME = FitNotes;
			};
			name = Debug;
		};
		741325382E9F73400099C49A /* Release */ = {
			isa = XCBuildConfiguration;
			buildSettings = {
				CODE_SIGN_STYLE = Automatic;
				CURRENT_PROJECT_VERSION = 1;
				GENERATE_INFOPLIST_FILE = YES;
				MARKETING_VERSION = 1.0;
				PRODUCT_BUNDLE_IDENTIFIER = "Future-Selves.FitNotesUITests";
				PRODUCT_NAME = "$(TARGET_NAME)";
				SWIFT_EMIT_LOC_STRINGS = NO;
				SWIFT_VERSION = 5.0;
				TARGETED_DEVICE_FAMILY = "1,2";
				TEST_TARGET_NAME = FitNotes;
			};
			name = Release;
		};
		7423C8832EF6862800E92CA7 /* Debug */ = {
			isa = XCBuildConfiguration;
			buildSettings = {
				ASSETCATALOG_COMPILER_GLOBAL_ACCENT_COLOR_NAME = AccentColor;
				ASSETCATALOG_COMPILER_WIDGET_BACKGROUND_COLOR_NAME = WidgetBackground;
				CODE_SIGN_ENTITLEMENTS = RestTimerWidgetExtension.entitlements;
				CODE_SIGN_STYLE = Automatic;
				CURRENT_PROJECT_VERSION = 1;
				GENERATE_INFOPLIST_FILE = YES;
				INFOPLIST_FILE = RestTimerWidget/Info.plist;
				INFOPLIST_KEY_CFBundleDisplayName = RestTimerWidget;
				INFOPLIST_KEY_NSHumanReadableCopyright = "";
				IPHONEOS_DEPLOYMENT_TARGET = 26.1;
				LD_RUNPATH_SEARCH_PATHS = (
					"$(inherited)",
					"@executable_path/Frameworks",
					"@executable_path/../../Frameworks",
				);
				MARKETING_VERSION = 1.0;
				PRODUCT_BUNDLE_IDENTIFIER = "Future-Selves.FitNotes.RestTimerWidget";
				PRODUCT_NAME = "$(TARGET_NAME)";
				SKIP_INSTALL = YES;
				STRING_CATALOG_GENERATE_SYMBOLS = YES;
				SWIFT_APPROACHABLE_CONCURRENCY = YES;
				SWIFT_EMIT_LOC_STRINGS = YES;
				SWIFT_UPCOMING_FEATURE_MEMBER_IMPORT_VISIBILITY = YES;
				SWIFT_VERSION = 5.0;
				TARGETED_DEVICE_FAMILY = "1,2";
			};
			name = Debug;
		};
		7423C8842EF6862800E92CA7 /* Release */ = {
			isa = XCBuildConfiguration;
			buildSettings = {
				ASSETCATALOG_COMPILER_GLOBAL_ACCENT_COLOR_NAME = AccentColor;
				ASSETCATALOG_COMPILER_WIDGET_BACKGROUND_COLOR_NAME = WidgetBackground;
				CODE_SIGN_ENTITLEMENTS = RestTimerWidgetExtension.entitlements;
				CODE_SIGN_STYLE = Automatic;
				CURRENT_PROJECT_VERSION = 1;
				GENERATE_INFOPLIST_FILE = YES;
				INFOPLIST_FILE = RestTimerWidget/Info.plist;
				INFOPLIST_KEY_CFBundleDisplayName = RestTimerWidget;
				INFOPLIST_KEY_NSHumanReadableCopyright = "";
				IPHONEOS_DEPLOYMENT_TARGET = 26.1;
				LD_RUNPATH_SEARCH_PATHS = (
					"$(inherited)",
					"@executable_path/Frameworks",
					"@executable_path/../../Frameworks",
				);
				MARKETING_VERSION = 1.0;
				PRODUCT_BUNDLE_IDENTIFIER = "Future-Selves.FitNotes.RestTimerWidget";
				PRODUCT_NAME = "$(TARGET_NAME)";
				SKIP_INSTALL = YES;
				STRING_CATALOG_GENERATE_SYMBOLS = YES;
				SWIFT_APPROACHABLE_CONCURRENCY = YES;
				SWIFT_EMIT_LOC_STRINGS = YES;
				SWIFT_UPCOMING_FEATURE_MEMBER_IMPORT_VISIBILITY = YES;
				SWIFT_VERSION = 5.0;
				TARGETED_DEVICE_FAMILY = "1,2";
			};
			name = Release;
		};
/* End XCBuildConfiguration section */

/* Begin XCConfigurationList section */
		741325032E9F733D0099C49A /* Build configuration list for PBXProject "FitNotes" */ = {
			isa = XCConfigurationList;
			buildConfigurations = (
				7413252E2E9F73400099C49A /* Debug */,
				7413252F2E9F73400099C49A /* Release */,
			);
			defaultConfigurationIsVisible = 0;
			defaultConfigurationName = Release;
		};
		741325302E9F73400099C49A /* Build configuration list for PBXNativeTarget "FitNotes" */ = {
			isa = XCConfigurationList;
			buildConfigurations = (
				741325312E9F73400099C49A /* Debug */,
				741325322E9F73400099C49A /* Release */,
			);
			defaultConfigurationIsVisible = 0;
			defaultConfigurationName = Release;
		};
		741325332E9F73400099C49A /* Build configuration list for PBXNativeTarget "FitNotesTests" */ = {
			isa = XCConfigurationList;
			buildConfigurations = (
				741325342E9F73400099C49A /* Debug */,
				741325352E9F73400099C49A /* Release */,
			);
			defaultConfigurationIsVisible = 0;
			defaultConfigurationName = Release;
		};
		741325362E9F73400099C49A /* Build configuration list for PBXNativeTarget "FitNotesUITests" */ = {
			isa = XCConfigurationList;
			buildConfigurations = (
				741325372E9F73400099C49A /* Debug */,
				741325382E9F73400099C49A /* Release */,
			);
			defaultConfigurationIsVisible = 0;
			defaultConfigurationName = Release;
		};
		7423C8862EF6862800E92CA7 /* Build configuration list for PBXNativeTarget "RestTimerWidgetExtension" */ = {
			isa = XCConfigurationList;
			buildConfigurations = (
				7423C8832EF6862800E92CA7 /* Debug */,
				7423C8842EF6862800E92CA7 /* Release */,
			);
			defaultConfigurationIsVisible = 0;
			defaultConfigurationName = Release;
		};
/* End XCConfigurationList section */

/* Begin XCRemoteSwiftPackageReference section */
		74633D8B2EFF83A500A58A13 /* XCRemoteSwiftPackageReference "supabase-swift" */ = {
			isa = XCRemoteSwiftPackageReference;
			repositoryURL = "https://github.com/supabase/supabase-swift";
			requirement = {
				kind = upToNextMajorVersion;
				minimumVersion = 2.5.1;
			};
		};
		74633D902EFFB06600A58A13 /* XCRemoteSwiftPackageReference "GoogleSignIn-iOS" */ = {
			isa = XCRemoteSwiftPackageReference;
			repositoryURL = "https://github.com/google/GoogleSignIn-iOS";
			requirement = {
				kind = upToNextMajorVersion;
				minimumVersion = 9.0.0;
			};
		};
/* End XCRemoteSwiftPackageReference section */

/* Begin XCSwiftPackageProductDependency section */
		74633D8C2EFF83A500A58A13 /* Supabase */ = {
			isa = XCSwiftPackageProductDependency;
			package = 74633D8B2EFF83A500A58A13 /* XCRemoteSwiftPackageReference "supabase-swift" */;
			productName = Supabase;
		};
		74633D912EFFB06600A58A13 /* GoogleSignInSwift */ = {
			isa = XCSwiftPackageProductDependency;
			package = 74633D902EFFB06600A58A13 /* XCRemoteSwiftPackageReference "GoogleSignIn-iOS" */;
			productName = GoogleSignInSwift;
		};
/* End XCSwiftPackageProductDependency section */
	};
	rootObject = 741325002E9F733D0099C49A /* Project object */;
}
